
Microsoft Visual Studio Solution File, Format Version 12.00
# Visual Studio Version 16
VisualStudioVersion = 16.0.30114.105
MinimumVisualStudioVersion = 10.0.40219.1
Project("{9A19103F-16F7-4668-BE54-9A1E7A4F7556}") = "R5T.B0001", "R5T.B0001\R5T.B0001.csproj", "{A775C01B-6476-477F-9C85-A14D77A06BC4}"
EndProject
Project("{2150E333-8FDC-42A3-9474-1A3956D46DE8}") = "_Dependencies", "_Dependencies", "{3F9719CB-5420-44B1-8AA7-02257785BA76}"
EndProject
Project("{9A19103F-16F7-4668-BE54-9A1E7A4F7556}") = "R5T.T0039.T002", "..\..\R5T.T0039\source\R5T.T0039.T002\R5T.T0039.T002.csproj", "{F2B5BB5E-204E-42CA-9613-14B8CE291D9C}"
EndProject
Project("{9A19103F-16F7-4668-BE54-9A1E7A4F7556}") = "R5T.B0001.X001", "R5T.B0001.X001\R5T.B0001.X001.csproj", "{6D5FFB6D-8444-46B2-BA7D-714D42C281E6}"
EndProject
Project("{9A19103F-16F7-4668-BE54-9A1E7A4F7556}") = "R5T.B0000.X001", "..\..\R5T.B0000\source\R5T.B0000.X001\R5T.B0000.X001.csproj", "{B163F45D-C926-4A4C-9C40-DEE95CC654D7}"
EndProject
Project("{9A19103F-16F7-4668-BE54-9A1E7A4F7556}") = "R5T.B0000", "..\..\R5T.B0000\source\R5T.B0000\R5T.B0000.csproj", "{15DBDB04-7A17-41D3-9A4B-EB10B9D83759}"
EndProject
Project("{9A19103F-16F7-4668-BE54-9A1E7A4F7556}") = "R5T.Magyar", "..\..\R5T.Magyar\source\R5T.Magyar\R5T.Magyar.csproj", "{70FC8C2D-7D3E-47F8-85F5-5724F614D714}"
EndProject
Project("{9A19103F-16F7-4668-BE54-9A1E7A4F7556}") = "R5T.Y0001", "..\..\R5T.Y0001\source\R5T.Y0001\R5T.Y0001.csproj", "{B25ECA92-BC94-4B78-8A54-3CF469E54ACF}"
EndProject
Project("{9A19103F-16F7-4668-BE54-9A1E7A4F7556}") = "R5T.Y0000", "..\..\R5T.Y0000\source\R5T.Y0000\R5T.Y0000.csproj", "{F7CBC39A-70CB-4A31-90EA-2556DF4B0942}"
EndProject
Project("{9A19103F-16F7-4668-BE54-9A1E7A4F7556}") = "R5T.T0131", "..\..\R5T.T0131\source\R5T.T0131\R5T.T0131.csproj", "{E53EA925-9C62-422E-8D5A-CFB0009C53FB}"
EndProject
Project("{9A19103F-16F7-4668-BE54-9A1E7A4F7556}") = "R5T.T0143", "..\..\R5T.T0143\source\R5T.T0143\R5T.T0143.csproj", "{AF4656CB-9334-4FB9-A455-E2197037F1C3}"
EndProject
Project("{9A19103F-16F7-4668-BE54-9A1E7A4F7556}") = "R5T.Z0000", "..\..\R5T.Z0000\source\R5T.Z0000\R5T.Z0000.csproj", "{2114D1B5-A396-411C-91D5-254DF715D9B6}"
EndProject
Project("{9A19103F-16F7-4668-BE54-9A1E7A4F7556}") = "R5T.Z0001", "..\..\R5T.Z0001\source\R5T.Z0001\R5T.Z0001.csproj", "{BEB6EF52-97F1-453F-8117-A458141E6FC7}"
EndProject
Global
	GlobalSection(NestedProjects) = preSolution
		{F2B5BB5E-204E-42CA-9613-14B8CE291D9C} = {3F9719CB-5420-44B1-8AA7-02257785BA76}
		{B163F45D-C926-4A4C-9C40-DEE95CC654D7} = {3F9719CB-5420-44B1-8AA7-02257785BA76}
		{15DBDB04-7A17-41D3-9A4B-EB10B9D83759} = {3F9719CB-5420-44B1-8AA7-02257785BA76}
		{70FC8C2D-7D3E-47F8-85F5-5724F614D714} = {3F9719CB-5420-44B1-8AA7-02257785BA76}
		{B25ECA92-BC94-4B78-8A54-3CF469E54ACF} = {3F9719CB-5420-44B1-8AA7-02257785BA76}
		{F7CBC39A-70CB-4A31-90EA-2556DF4B0942} = {3F9719CB-5420-44B1-8AA7-02257785BA76}
		{E53EA925-9C62-422E-8D5A-CFB0009C53FB} = {3F9719CB-5420-44B1-8AA7-02257785BA76}
		{AF4656CB-9334-4FB9-A455-E2197037F1C3} = {3F9719CB-5420-44B1-8AA7-02257785BA76}
		{2114D1B5-A396-411C-91D5-254DF715D9B6} = {3F9719CB-5420-44B1-8AA7-02257785BA76}
		{BEB6EF52-97F1-453F-8117-A458141E6FC7} = {3F9719CB-5420-44B1-8AA7-02257785BA76}
	EndGlobalSection
	GlobalSection(SolutionConfigurationPlatforms) = preSolution
		Debug|Any CPU = Debug|Any CPU
		Debug|x64 = Debug|x64
		Debug|x86 = Debug|x86
		Release|Any CPU = Release|Any CPU
		Release|x64 = Release|x64
		Release|x86 = Release|x86
	EndGlobalSection
	GlobalSection(ProjectConfigurationPlatforms) = postSolution
		{A775C01B-6476-477F-9C85-A14D77A06BC4}.Debug|Any CPU.ActiveCfg = Debug|Any CPU
		{A775C01B-6476-477F-9C85-A14D77A06BC4}.Debug|Any CPU.Build.0 = Debug|Any CPU
		{A775C01B-6476-477F-9C85-A14D77A06BC4}.Debug|x64.ActiveCfg = Debug|Any CPU
		{A775C01B-6476-477F-9C85-A14D77A06BC4}.Debug|x64.Build.0 = Debug|Any CPU
		{A775C01B-6476-477F-9C85-A14D77A06BC4}.Debug|x86.ActiveCfg = Debug|Any CPU
		{A775C01B-6476-477F-9C85-A14D77A06BC4}.Debug|x86.Build.0 = Debug|Any CPU
		{A775C01B-6476-477F-9C85-A14D77A06BC4}.Release|Any CPU.ActiveCfg = Release|Any CPU
		{A775C01B-6476-477F-9C85-A14D77A06BC4}.Release|Any CPU.Build.0 = Release|Any CPU
		{A775C01B-6476-477F-9C85-A14D77A06BC4}.Release|x64.ActiveCfg = Release|Any CPU
		{A775C01B-6476-477F-9C85-A14D77A06BC4}.Release|x64.Build.0 = Release|Any CPU
		{A775C01B-6476-477F-9C85-A14D77A06BC4}.Release|x86.ActiveCfg = Release|Any CPU
		{A775C01B-6476-477F-9C85-A14D77A06BC4}.Release|x86.Build.0 = Release|Any CPU
		{F2B5BB5E-204E-42CA-9613-14B8CE291D9C}.Debug|Any CPU.ActiveCfg = Debug|Any CPU
		{F2B5BB5E-204E-42CA-9613-14B8CE291D9C}.Debug|Any CPU.Build.0 = Debug|Any CPU
		{F2B5BB5E-204E-42CA-9613-14B8CE291D9C}.Debug|x64.ActiveCfg = Debug|Any CPU
		{F2B5BB5E-204E-42CA-9613-14B8CE291D9C}.Debug|x64.Build.0 = Debug|Any CPU
		{F2B5BB5E-204E-42CA-9613-14B8CE291D9C}.Debug|x86.ActiveCfg = Debug|Any CPU
		{F2B5BB5E-204E-42CA-9613-14B8CE291D9C}.Debug|x86.Build.0 = Debug|Any CPU
		{F2B5BB5E-204E-42CA-9613-14B8CE291D9C}.Release|Any CPU.ActiveCfg = Release|Any CPU
		{F2B5BB5E-204E-42CA-9613-14B8CE291D9C}.Release|Any CPU.Build.0 = Release|Any CPU
		{F2B5BB5E-204E-42CA-9613-14B8CE291D9C}.Release|x64.ActiveCfg = Release|Any CPU
		{F2B5BB5E-204E-42CA-9613-14B8CE291D9C}.Release|x64.Build.0 = Release|Any CPU
		{F2B5BB5E-204E-42CA-9613-14B8CE291D9C}.Release|x86.ActiveCfg = Release|Any CPU
		{F2B5BB5E-204E-42CA-9613-14B8CE291D9C}.Release|x86.Build.0 = Release|Any CPU
		{6D5FFB6D-8444-46B2-BA7D-714D42C281E6}.Debug|Any CPU.ActiveCfg = Debug|Any CPU
		{6D5FFB6D-8444-46B2-BA7D-714D42C281E6}.Debug|Any CPU.Build.0 = Debug|Any CPU
		{6D5FFB6D-8444-46B2-BA7D-714D42C281E6}.Debug|x64.ActiveCfg = Debug|Any CPU
		{6D5FFB6D-8444-46B2-BA7D-714D42C281E6}.Debug|x64.Build.0 = Debug|Any CPU
		{6D5FFB6D-8444-46B2-BA7D-714D42C281E6}.Debug|x86.ActiveCfg = Debug|Any CPU
		{6D5FFB6D-8444-46B2-BA7D-714D42C281E6}.Debug|x86.Build.0 = Debug|Any CPU
		{6D5FFB6D-8444-46B2-BA7D-714D42C281E6}.Release|Any CPU.ActiveCfg = Release|Any CPU
		{6D5FFB6D-8444-46B2-BA7D-714D42C281E6}.Release|Any CPU.Build.0 = Release|Any CPU
		{6D5FFB6D-8444-46B2-BA7D-714D42C281E6}.Release|x64.ActiveCfg = Release|Any CPU
		{6D5FFB6D-8444-46B2-BA7D-714D42C281E6}.Release|x64.Build.0 = Release|Any CPU
		{6D5FFB6D-8444-46B2-BA7D-714D42C281E6}.Release|x86.ActiveCfg = Release|Any CPU
		{6D5FFB6D-8444-46B2-BA7D-714D42C281E6}.Release|x86.Build.0 = Release|Any CPU
		{B163F45D-C926-4A4C-9C40-DEE95CC654D7}.Debug|Any CPU.ActiveCfg = Debug|Any CPU
		{B163F45D-C926-4A4C-9C40-DEE95CC654D7}.Debug|Any CPU.Build.0 = Debug|Any CPU
		{B163F45D-C926-4A4C-9C40-DEE95CC654D7}.Debug|x64.ActiveCfg = Debug|Any CPU
		{B163F45D-C926-4A4C-9C40-DEE95CC654D7}.Debug|x64.Build.0 = Debug|Any CPU
		{B163F45D-C926-4A4C-9C40-DEE95CC654D7}.Debug|x86.ActiveCfg = Debug|Any CPU
		{B163F45D-C926-4A4C-9C40-DEE95CC654D7}.Debug|x86.Build.0 = Debug|Any CPU
		{B163F45D-C926-4A4C-9C40-DEE95CC654D7}.Release|Any CPU.ActiveCfg = Release|Any CPU
		{B163F45D-C926-4A4C-9C40-DEE95CC654D7}.Release|Any CPU.Build.0 = Release|Any CPU
		{B163F45D-C926-4A4C-9C40-DEE95CC654D7}.Release|x64.ActiveCfg = Release|Any CPU
		{B163F45D-C926-4A4C-9C40-DEE95CC654D7}.Release|x64.Build.0 = Release|Any CPU
		{B163F45D-C926-4A4C-9C40-DEE95CC654D7}.Release|x86.ActiveCfg = Release|Any CPU
		{B163F45D-C926-4A4C-9C40-DEE95CC654D7}.Release|x86.Build.0 = Release|Any CPU
		{15DBDB04-7A17-41D3-9A4B-EB10B9D83759}.Debug|Any CPU.ActiveCfg = Debug|Any CPU
		{15DBDB04-7A17-41D3-9A4B-EB10B9D83759}.Debug|Any CPU.Build.0 = Debug|Any CPU
		{15DBDB04-7A17-41D3-9A4B-EB10B9D83759}.Debug|x64.ActiveCfg = Debug|Any CPU
		{15DBDB04-7A17-41D3-9A4B-EB10B9D83759}.Debug|x64.Build.0 = Debug|Any CPU
		{15DBDB04-7A17-41D3-9A4B-EB10B9D83759}.Debug|x86.ActiveCfg = Debug|Any CPU
		{15DBDB04-7A17-41D3-9A4B-EB10B9D83759}.Debug|x86.Build.0 = Debug|Any CPU
		{15DBDB04-7A17-41D3-9A4B-EB10B9D83759}.Release|Any CPU.ActiveCfg = Release|Any CPU
		{15DBDB04-7A17-41D3-9A4B-EB10B9D83759}.Release|Any CPU.Build.0 = Release|Any CPU
		{15DBDB04-7A17-41D3-9A4B-EB10B9D83759}.Release|x64.ActiveCfg = Release|Any CPU
		{15DBDB04-7A17-41D3-9A4B-EB10B9D83759}.Release|x64.Build.0 = Release|Any CPU
		{15DBDB04-7A17-41D3-9A4B-EB10B9D83759}.Release|x86.ActiveCfg = Release|Any CPU
		{15DBDB04-7A17-41D3-9A4B-EB10B9D83759}.Release|x86.Build.0 = Release|Any CPU
		{70FC8C2D-7D3E-47F8-85F5-5724F614D714}.Debug|Any CPU.ActiveCfg = Debug|Any CPU
		{70FC8C2D-7D3E-47F8-85F5-5724F614D714}.Debug|Any CPU.Build.0 = Debug|Any CPU
		{70FC8C2D-7D3E-47F8-85F5-5724F614D714}.Debug|x64.ActiveCfg = Debug|Any CPU
		{70FC8C2D-7D3E-47F8-85F5-5724F614D714}.Debug|x64.Build.0 = Debug|Any CPU
		{70FC8C2D-7D3E-47F8-85F5-5724F614D714}.Debug|x86.ActiveCfg = Debug|Any CPU
		{70FC8C2D-7D3E-47F8-85F5-5724F614D714}.Debug|x86.Build.0 = Debug|Any CPU
		{70FC8C2D-7D3E-47F8-85F5-5724F614D714}.Release|Any CPU.ActiveCfg = Release|Any CPU
		{70FC8C2D-7D3E-47F8-85F5-5724F614D714}.Release|Any CPU.Build.0 = Release|Any CPU
		{70FC8C2D-7D3E-47F8-85F5-5724F614D714}.Release|x64.ActiveCfg = Release|Any CPU
		{70FC8C2D-7D3E-47F8-85F5-5724F614D714}.Release|x64.Build.0 = Release|Any CPU
		{70FC8C2D-7D3E-47F8-85F5-5724F614D714}.Release|x86.ActiveCfg = Release|Any CPU
		{70FC8C2D-7D3E-47F8-85F5-5724F614D714}.Release|x86.Build.0 = Release|Any CPU
		{B25ECA92-BC94-4B78-8A54-3CF469E54ACF}.Debug|Any CPU.ActiveCfg = Debug|Any CPU
		{B25ECA92-BC94-4B78-8A54-3CF469E54ACF}.Debug|Any CPU.Build.0 = Debug|Any CPU
		{B25ECA92-BC94-4B78-8A54-3CF469E54ACF}.Debug|x64.ActiveCfg = Debug|Any CPU
		{B25ECA92-BC94-4B78-8A54-3CF469E54ACF}.Debug|x64.Build.0 = Debug|Any CPU
		{B25ECA92-BC94-4B78-8A54-3CF469E54ACF}.Debug|x86.ActiveCfg = Debug|Any CPU
		{B25ECA92-BC94-4B78-8A54-3CF469E54ACF}.Debug|x86.Build.0 = Debug|Any CPU
		{B25ECA92-BC94-4B78-8A54-3CF469E54ACF}.Release|Any CPU.ActiveCfg = Release|Any CPU
		{B25ECA92-BC94-4B78-8A54-3CF469E54ACF}.Release|Any CPU.Build.0 = Release|Any CPU
		{B25ECA92-BC94-4B78-8A54-3CF469E54ACF}.Release|x64.ActiveCfg = Release|Any CPU
		{B25ECA92-BC94-4B78-8A54-3CF469E54ACF}.Release|x64.Build.0 = Release|Any CPU
		{B25ECA92-BC94-4B78-8A54-3CF469E54ACF}.Release|x86.ActiveCfg = Release|Any CPU
		{B25ECA92-BC94-4B78-8A54-3CF469E54ACF}.Release|x86.Build.0 = Release|Any CPU
		{F7CBC39A-70CB-4A31-90EA-2556DF4B0942}.Debug|Any CPU.ActiveCfg = Debug|Any CPU
		{F7CBC39A-70CB-4A31-90EA-2556DF4B0942}.Debug|Any CPU.Build.0 = Debug|Any CPU
		{F7CBC39A-70CB-4A31-90EA-2556DF4B0942}.Debug|x64.ActiveCfg = Debug|Any CPU
		{F7CBC39A-70CB-4A31-90EA-2556DF4B0942}.Debug|x64.Build.0 = Debug|Any CPU
		{F7CBC39A-70CB-4A31-90EA-2556DF4B0942}.Debug|x86.ActiveCfg = Debug|Any CPU
		{F7CBC39A-70CB-4A31-90EA-2556DF4B0942}.Debug|x86.Build.0 = Debug|Any CPU
		{F7CBC39A-70CB-4A31-90EA-2556DF4B0942}.Release|Any CPU.ActiveCfg = Release|Any CPU
		{F7CBC39A-70CB-4A31-90EA-2556DF4B0942}.Release|Any CPU.Build.0 = Release|Any CPU
		{F7CBC39A-70CB-4A31-90EA-2556DF4B0942}.Release|x64.ActiveCfg = Release|Any CPU
		{F7CBC39A-70CB-4A31-90EA-2556DF4B0942}.Release|x64.Build.0 = Release|Any CPU
		{F7CBC39A-70CB-4A31-90EA-2556DF4B0942}.Release|x86.ActiveCfg = Release|Any CPU
		{F7CBC39A-70CB-4A31-90EA-2556DF4B0942}.Release|x86.Build.0 = Release|Any CPU
		{E53EA925-9C62-422E-8D5A-CFB0009C53FB}.Debug|Any CPU.ActiveCfg = Debug|Any CPU
		{E53EA925-9C62-422E-8D5A-CFB0009C53FB}.Debug|Any CPU.Build.0 = Debug|Any CPU
		{E53EA925-9C62-422E-8D5A-CFB0009C53FB}.Debug|x64.ActiveCfg = Debug|Any CPU
		{E53EA925-9C62-422E-8D5A-CFB0009C53FB}.Debug|x64.Build.0 = Debug|Any CPU
		{E53EA925-9C62-422E-8D5A-CFB0009C53FB}.Debug|x86.ActiveCfg = Debug|Any CPU
		{E53EA925-9C62-422E-8D5A-CFB0009C53FB}.Debug|x86.Build.0 = Debug|Any CPU
		{E53EA925-9C62-422E-8D5A-CFB0009C53FB}.Release|Any CPU.ActiveCfg = Release|Any CPU
		{E53EA925-9C62-422E-8D5A-CFB0009C53FB}.Release|Any CPU.Build.0 = Release|Any CPU
		{E53EA925-9C62-422E-8D5A-CFB0009C53FB}.Release|x64.ActiveCfg = Release|Any CPU
		{E53EA925-9C62-422E-8D5A-CFB0009C53FB}.Release|x64.Build.0 = Release|Any CPU
		{E53EA925-9C62-422E-8D5A-CFB0009C53FB}.Release|x86.ActiveCfg = Release|Any CPU
		{E53EA925-9C62-422E-8D5A-CFB0009C53FB}.Release|x86.Build.0 = Release|Any CPU
		{AF4656CB-9334-4FB9-A455-E2197037F1C3}.Debug|Any CPU.ActiveCfg = Debug|Any CPU
		{AF4656CB-9334-4FB9-A455-E2197037F1C3}.Debug|Any CPU.Build.0 = Debug|Any CPU
		{AF4656CB-9334-4FB9-A455-E2197037F1C3}.Debug|x64.ActiveCfg = Debug|Any CPU
		{AF4656CB-9334-4FB9-A455-E2197037F1C3}.Debug|x64.Build.0 = Debug|Any CPU
		{AF4656CB-9334-4FB9-A455-E2197037F1C3}.Debug|x86.ActiveCfg = Debug|Any CPU
		{AF4656CB-9334-4FB9-A455-E2197037F1C3}.Debug|x86.Build.0 = Debug|Any CPU
		{AF4656CB-9334-4FB9-A455-E2197037F1C3}.Release|Any CPU.ActiveCfg = Release|Any CPU
		{AF4656CB-9334-4FB9-A455-E2197037F1C3}.Release|Any CPU.Build.0 = Release|Any CPU
		{AF4656CB-9334-4FB9-A455-E2197037F1C3}.Release|x64.ActiveCfg = Release|Any CPU
		{AF4656CB-9334-4FB9-A455-E2197037F1C3}.Release|x64.Build.0 = Release|Any CPU
		{AF4656CB-9334-4FB9-A455-E2197037F1C3}.Release|x86.ActiveCfg = Release|Any CPU
		{AF4656CB-9334-4FB9-A455-E2197037F1C3}.Release|x86.Build.0 = Release|Any CPU
		{2114D1B5-A396-411C-91D5-254DF715D9B6}.Debug|Any CPU.ActiveCfg = Debug|Any CPU
		{2114D1B5-A396-411C-91D5-254DF715D9B6}.Debug|Any CPU.Build.0 = Debug|Any CPU
		{2114D1B5-A396-411C-91D5-254DF715D9B6}.Debug|x64.ActiveCfg = Debug|Any CPU
		{2114D1B5-A396-411C-91D5-254DF715D9B6}.Debug|x64.Build.0 = Debug|Any CPU
		{2114D1B5-A396-411C-91D5-254DF715D9B6}.Debug|x86.ActiveCfg = Debug|Any CPU
		{2114D1B5-A396-411C-91D5-254DF715D9B6}.Debug|x86.Build.0 = Debug|Any CPU
		{2114D1B5-A396-411C-91D5-254DF715D9B6}.Release|Any CPU.ActiveCfg = Release|Any CPU
		{2114D1B5-A396-411C-91D5-254DF715D9B6}.Release|Any CPU.Build.0 = Release|Any CPU
		{2114D1B5-A396-411C-91D5-254DF715D9B6}.Release|x64.ActiveCfg = Release|Any CPU
		{2114D1B5-A396-411C-91D5-254DF715D9B6}.Release|x64.Build.0 = Release|Any CPU
		{2114D1B5-A396-411C-91D5-254DF715D9B6}.Release|x86.ActiveCfg = Release|Any CPU
		{2114D1B5-A396-411C-91D5-254DF715D9B6}.Release|x86.Build.0 = Release|Any CPU
		{BEB6EF52-97F1-453F-8117-A458141E6FC7}.Debug|Any CPU.ActiveCfg = Debug|Any CPU
		{BEB6EF52-97F1-453F-8117-A458141E6FC7}.Debug|Any CPU.Build.0 = Debug|Any CPU
		{BEB6EF52-97F1-453F-8117-A458141E6FC7}.Debug|x64.ActiveCfg = Debug|Any CPU
		{BEB6EF52-97F1-453F-8117-A458141E6FC7}.Debug|x64.Build.0 = Debug|Any CPU
		{BEB6EF52-97F1-453F-8117-A458141E6FC7}.Debug|x86.ActiveCfg = Debug|Any CPU
		{BEB6EF52-97F1-453F-8117-A458141E6FC7}.Debug|x86.Build.0 = Debug|Any CPU
		{BEB6EF52-97F1-453F-8117-A458141E6FC7}.Release|Any CPU.ActiveCfg = Release|Any CPU
		{BEB6EF52-97F1-453F-8117-A458141E6FC7}.Release|Any CPU.Build.0 = Release|Any CPU
		{BEB6EF52-97F1-453F-8117-A458141E6FC7}.Release|x64.ActiveCfg = Release|Any CPU
		{BEB6EF52-97F1-453F-8117-A458141E6FC7}.Release|x64.Build.0 = Release|Any CPU
		{BEB6EF52-97F1-453F-8117-A458141E6FC7}.Release|x86.ActiveCfg = Release|Any CPU
		{BEB6EF52-97F1-453F-8117-A458141E6FC7}.Release|x86.Build.0 = Release|Any CPU
	EndGlobalSection
	GlobalSection(SolutionProperties) = preSolution
		HideSolutionNode = FALSE
	EndGlobalSection
	GlobalSection(ExtensibilityGlobals) = postSolution
		SolutionGuid = {765C3FEC-9275-402A-BF53-55A01FB8FB54}
	EndGlobalSection
EndGlobal
